{
  "nodes": {
    "nixpkgs": {
      "locked": {
        "lastModified": 1767441645,
        "narHash": "sha256-TW44D/gRhbHt11c7+Kb8EDU1VJvC6llmGTpCpnqzemw=",
        "owner": "nixos",
        "repo": "nixpkgs",
        "rev": "9d9ed197be70f9fc072fbe60b73877291bdd918c",
        "type": "github"
      },
      "original": {
        "owner": "nixos",
        "repo": "nixpkgs",
        "type": "github"
      }
    },
    "root": {
      "inputs": {
        "nixpkgs": "nixpkgs"
      }
    }
  },
  "root": "root",
  "version": 7
}
