{
  "nodes": {
    "nixpkgs": {
      "locked": {
        "lastModified": 1,
        "narHash": "sha256-xbajUP28XWdtvUjXGUv3bBtAGi/YsO1PuIOXAeHypbM=",
        "type": "tarball",
        "url": "file:///nix/store/l0dhlpkmz1pyi26594bn4y1x7kfgylg0-nixpkgs-p.tar.gz"
      },
      "original": {
        "id": "nixpkgs",
        "type": "indirect"
      }
    },
    "root": {
      "inputs": {
        "nixpkgs": "nixpkgs"
      }
    }
  },
  "root": "root",
  "version": 7
}
