{
  "nodes": {
    "nixpkgs": {
      "locked": {
        "lastModified": 1790941581,
        "narHash": "sha256-mYAmB6esqSvO8+awRWzxCpTK5z2Adwh+9sqDCrBSd6U=",
        "owner": "nixos",
        "repo": "nixpkgs",
        "rev": "c8b515c68b552ac732893e52c2c11df11f3ae5c1",
        "type": "github"
      },
      "original": {
        "owner": "nixos",
        "repo": "nixpkgs",
        "type": "github"
      }
    },
    "root": {
      "inputs": {
        "nixpkgs": "nixpkgs"
      }
    }
  },
  "root": "root",
  "version": 7
}
